<?xml version="1.0" encoding="utf-8"?>
<Project ToolsVersion="4.0" xmlns="http://schemas.microsoft.com/developer/msbuild/2003">
  <ItemGroup>
    <Filter Include="Source Files">
      <UniqueIdentifier>{4FC737F1-C7A5-4376-A066-2A32D752A2FF}</UniqueIdentifier>
      <Extensions>cpp;c;cc;cxx;c++;cppm;ixx;def;odl;idl;hpj;bat;asm;asmx</Extensions>
    </Filter>
    <Filter Include="Header Files">
      <UniqueIdentifier>{93995380-89BD-4b04-88EB-625FBE52EBFB}</UniqueIdentifier>
      <Extensions>h;hh;hpp;hxx;h++;hm;inl;inc;ipp;xsd</Extensions>
    </Filter>
    <Filter Include="Resource Files">
      <UniqueIdentifier>{67DA6AB6-F800-4c08-8B7A-83BB121AAD01}</UniqueIdentifier>
      <Extensions>rc;ico;cur;bmp;dlg;rc2;rct;bin;rgs;gif;jpg;jpeg;jpe;resx;tiff;tif;png;wav;mfcribbon-ms</Extensions>
    </Filter>
  </ItemGroup>
  <ItemGroup>
    <ClCompile Include="main.cpp">
      <Filter>Source Files</Filter>
    </ClCompile>
    <ClCompile Include="mainMenu.cpp">
      <Filter>Source Files</Filter>
    </ClCompile>
    <ClCompile Include="basePlayer.cpp">
      <Filter>Source Files</Filter>
    </ClCompile>
    <ClCompile Include="CharSelect.cpp">
      <Filter>Source Files</Filter>
    </ClCompile>
    <ClCompile Include="playerFight.cpp">
      <Filter>Source Files</Filter>
    </ClCompile>
  </ItemGroup>
  <ItemGroup>
    <ClInclude Include="_libs.hpp">
      <Filter>Header Files</Filter>
    </ClInclude>
    <ClInclude Include="basePlayer.hpp">
      <Filter>Header Files</Filter>
    </ClInclude>
    <ClInclude Include="mainMenu.hpp">
      <Filter>Header Files</Filter>
    </ClInclude>
    <ClInclude Include="CharSelect.hpp">
      <Filter>Header Files</Filter>
    </ClInclude>
  </ItemGroup>
  <ItemGroup>
    <Image Include="fightSceneBg.png">
      <Filter>Resource Files</Filter>
    </Image>
    <Image Include="mainBackground.png">
      <Filter>Resource Files</Filter>
    </Image>
    <Image Include="Tarang\TarangBlock.png">
      <Filter>Resource Files</Filter>
    </Image>
    <Image Include="Tarang\TarangJump.png">
      <Filter>Resource Files</Filter>
    </Image>
    <Image Include="Tarang\TarangKick1.png">
      <Filter>Resource Files</Filter>
    </Image>
    <Image Include="Tarang\TarangKick2.png">
      <Filter>Resource Files</Filter>
    </Image>
    <Image Include="Tarang\TarangPunch1.png">
      <Filter>Resource Files</Filter>
    </Image>
    <Image Include="Tarang\TarangPunch2.png">
      <Filter>Resource Files</Filter>
    </Image>
    <Image Include="Tarang\TarangWalk1.png">
      <Filter>Resource Files</Filter>
    </Image>
    <Image Include="Tarang\TarangWalk2.png">
      <Filter>Resource Files</Filter>
    </Image>
    <Image Include="Yuta\YutaBlock.png">
      <Filter>Resource Files</Filter>
    </Image>
    <Image Include="Yuta\YutaJump.png">
      <Filter>Resource Files</Filter>
    </Image>
    <Image Include="Yuta\YutaKick1.png">
      <Filter>Resource Files</Filter>
    </Image>
    <Image Include="Yuta\YutaKick2.png">
      <Filter>Resource Files</Filter>
    </Image>
    <Image Include="Yuta\YutaPunch1.png">
      <Filter>Resource Files</Filter>
    </Image>
    <Image Include="Yuta\YutaPunch2.png">
      <Filter>Resource Files</Filter>
    </Image>
    <Image Include="Yuta\YutaWalk1.png">
      <Filter>Resource Files</Filter>
    </Image>
    <Image Include="Yuta\YutaWalk2.png">
      <Filter>Resource Files</Filter>
    </Image>
    <Image Include="charBackground.png">
      <Filter>Resource Files</Filter>
    </Image>
    <Image Include="selected.png">
      <Filter>Resource Files</Filter>
    </Image>
    <Image Include="missingTexture.png">
      <Filter>Resource Files</Filter>
    </Image>
    <Image Include="John\JohnBlock.png">
      <Filter>Resource Files</Filter>
    </Image>
    <Image Include="John\JohnJump.png">
      <Filter>Resource Files</Filter>
    </Image>
    <Image Include="John\JohnKick1.png">
      <Filter>Resource Files</Filter>
    </Image>
    <Image Include="John\JohnKick2.png">
      <Filter>Resource Files</Filter>
    </Image>
    <Image Include="John\JohnPunch1.png">
      <Filter>Resource Files</Filter>
    </Image>
    <Image Include="John\JohnPunch2.png">
      <Filter>Resource Files</Filter>
    </Image>
    <Image Include="John\JohnWalk1.png">
      <Filter>Resource Files</Filter>
    </Image>
    <Image Include="John\JohnWalk2.png">
      <Filter>Resource Files</Filter>
    </Image>
    <Image Include="Tarang\TarangCharge.png">
      <Filter>Resource Files</Filter>
    </Image>
    <Image Include="TestMiniJohn.jpg">
      <Filter>Resource Files</Filter>
    </Image>
    <Image Include="TestJohn.jpg">
      <Filter>Resource Files</Filter>
    </Image>
    <Image Include="TestYuta.png">
      <Filter>Resource Files</Filter>
    </Image>
    <Image Include="TestTarang.jpg">
      <Filter>Resource Files</Filter>
    </Image>
    <Image Include="TestMiniTarang.jpg">
      <Filter>Resource Files</Filter>
    </Image>
    <Image Include="TestMiniYuta.png">
      <Filter>Resource Files</Filter>
    </Image>
  </ItemGroup>
</Project>